// !$*UTF8*$!
{
	archiveVersion = 1;
	classes = {
	};
	objectVersion = 56;
	objects = {

/* Begin PBXBuildFile section */
		0586727B2A7CE9AD00C5B61C /* DialoqueWatchApp.swift in Sources */ = {isa = PBXBuildFile; fileRef = 0586727A2A7CE9AD00C5B61C /* DialoqueWatchApp.swift */; };
		0586727D2A7CE9AD00C5B61C /* DashboardView.swift in Sources */ = {isa = PBXBuildFile; fileRef = 0586727C2A7CE9AD00C5B61C /* DashboardView.swift */; };
		0586727F2A7CE9AE00C5B61C /* Assets.xcassets in Resources */ = {isa = PBXBuildFile; fileRef = 0586727E2A7CE9AE00C5B61C /* Assets.xcassets */; };
		058672822A7CE9AE00C5B61C /* Preview Assets.xcassets in Resources */ = {isa = PBXBuildFile; fileRef = 058672812A7CE9AE00C5B61C /* Preview Assets.xcassets */; };
		0586729B2A7CE9AE00C5B61C /* DialoqueWatch Watch App.app in Embed Watch Content */ = {isa = PBXBuildFile; fileRef = 058672782A7CE9AD00C5B61C /* DialoqueWatch Watch App.app */; settings = {ATTRIBUTES = (RemoveHeadersOnCopy, ); }; };
		05BA050F2A7A3EB7007DA27D /* GameKitController.swift in Sources */ = {isa = PBXBuildFile; fileRef = 05BA050E2A7A3EB7007DA27D /* GameKitController.swift */; };
		05BA05122A7A3F04007DA27D /* PlayerModel.swift in Sources */ = {isa = PBXBuildFile; fileRef = 05BA05112A7A3F04007DA27D /* PlayerModel.swift */; };
		05BFFDA52A80F9B100D657B9 /* GameCenterView.swift in Sources */ = {isa = PBXBuildFile; fileRef = 05BFFDA42A80F9B100D657B9 /* GameCenterView.swift */; };
		05C18FBC2A73AFA2002FF46C /* DialoqueApp.swift in Sources */ = {isa = PBXBuildFile; fileRef = 05C18FBB2A73AFA2002FF46C /* DialoqueApp.swift */; };
		05C18FBE2A73AFA2002FF46C /* DashboardView.swift in Sources */ = {isa = PBXBuildFile; fileRef = 05C18FBD2A73AFA2002FF46C /* DashboardView.swift */; };
		05C18FC02A73AFA3002FF46C /* Assets.xcassets in Resources */ = {isa = PBXBuildFile; fileRef = 05C18FBF2A73AFA3002FF46C /* Assets.xcassets */; };
		05C18FC32A73AFA3002FF46C /* Preview Assets.xcassets in Resources */ = {isa = PBXBuildFile; fileRef = 05C18FC22A73AFA3002FF46C /* Preview Assets.xcassets */; };
		05C18FC52A73AFA3002FF46C /* Persistence.swift in Sources */ = {isa = PBXBuildFile; fileRef = 05C18FC42A73AFA3002FF46C /* Persistence.swift */; };
		05EAC9622A8B62F60091C1AA /* TestView.swift in Sources */ = {isa = PBXBuildFile; fileRef = 05EAC9612A8B62F60091C1AA /* TestView.swift */; };
		05EAC9662A8B63620091C1AA /* Extensions in Resources */ = {isa = PBXBuildFile; fileRef = 05EAC9652A8B63620091C1AA /* Extensions */; };
		05EAC96B2A8B647C0091C1AA /* RoundedCornersShape.swift in Sources */ = {isa = PBXBuildFile; fileRef = 05EAC96A2A8B647C0091C1AA /* RoundedCornersShape.swift */; };
		7D0046CD2A82360D002B71F0 /* Dialoque.xcdatamodeld in Sources */ = {isa = PBXBuildFile; fileRef = 7D0046CB2A82360D002B71F0 /* Dialoque.xcdatamodeld */; };
		7D0046CE2A82360D002B71F0 /* Dialoque.xcdatamodeld in Sources */ = {isa = PBXBuildFile; fileRef = 7D0046CB2A82360D002B71F0 /* Dialoque.xcdatamodeld */; };
		7D0046D22A8238DB002B71F0 /* Persistence.swift in Sources */ = {isa = PBXBuildFile; fileRef = 05C18FC42A73AFA3002FF46C /* Persistence.swift */; };
		7D0046D52A824FA5002B71F0 /* SwiftSpeech in Frameworks */ = {isa = PBXBuildFile; productRef = 7D0046D42A824FA5002B71F0 /* SwiftSpeech */; };
		7DAEBE7B2A837D55009379ED /* Dialoque_WidgetBundle.swift in Sources */ = {isa = PBXBuildFile; fileRef = 7DAEBE7A2A837D55009379ED /* Dialoque_WidgetBundle.swift */; };
		7DAEBE7F2A837D55009379ED /* Dialoque_Widget.swift in Sources */ = {isa = PBXBuildFile; fileRef = 7DAEBE7E2A837D55009379ED /* Dialoque_Widget.swift */; };
		7DAEBE822A837D56009379ED /* Assets.xcassets in Resources */ = {isa = PBXBuildFile; fileRef = 7DAEBE812A837D56009379ED /* Assets.xcassets */; };
		7DAEBE842A837D56009379ED /* Dialoque_Widget.intentdefinition in Sources */ = {isa = PBXBuildFile; fileRef = 7DAEBE802A837D55009379ED /* Dialoque_Widget.intentdefinition */; };
		7DAEBE852A837D56009379ED /* Dialoque_Widget.intentdefinition in Sources */ = {isa = PBXBuildFile; fileRef = 7DAEBE802A837D55009379ED /* Dialoque_Widget.intentdefinition */; };
		7DAEBE882A837D56009379ED /* Dialoque WidgetExtension.appex in Embed Foundation Extensions */ = {isa = PBXBuildFile; fileRef = 7DAEBE762A837D55009379ED /* Dialoque WidgetExtension.appex */; settings = {ATTRIBUTES = (RemoveHeadersOnCopy, ); }; };
		7DAEBE8D2A838FCF009379ED /* UserDefaults.swift in Sources */ = {isa = PBXBuildFile; fileRef = 7DAEBE8C2A838FCF009379ED /* UserDefaults.swift */; };
		7DAEBE8E2A838FCF009379ED /* UserDefaults.swift in Sources */ = {isa = PBXBuildFile; fileRef = 7DAEBE8C2A838FCF009379ED /* UserDefaults.swift */; };
		7DAEBE8F2A838FCF009379ED /* UserDefaults.swift in Sources */ = {isa = PBXBuildFile; fileRef = 7DAEBE8C2A838FCF009379ED /* UserDefaults.swift */; };
		7DB174882A84D5F2004DEF8E /* PointsCountManager.swift in Sources */ = {isa = PBXBuildFile; fileRef = 7DB174872A84D5F2004DEF8E /* PointsCountManager.swift */; };
		7DB174892A84D5F2004DEF8E /* PointsCountManager.swift in Sources */ = {isa = PBXBuildFile; fileRef = 7DB174872A84D5F2004DEF8E /* PointsCountManager.swift */; };
/* End PBXBuildFile section */

/* Begin PBXContainerItemProxy section */
		058672992A7CE9AE00C5B61C /* PBXContainerItemProxy */ = {
			isa = PBXContainerItemProxy;
			containerPortal = 05C18FB02A73AFA2002FF46C /* Project object */;
			proxyType = 1;
			remoteGlobalIDString = 058672772A7CE9AD00C5B61C;
			remoteInfo = "DialoqueWatch Watch App";
		};
		7DAEBE862A837D56009379ED /* PBXContainerItemProxy */ = {
			isa = PBXContainerItemProxy;
			containerPortal = 05C18FB02A73AFA2002FF46C /* Project object */;
			proxyType = 1;
			remoteGlobalIDString = 7DAEBE752A837D55009379ED;
			remoteInfo = "Dialoque WidgetExtension";
		};
/* End PBXContainerItemProxy section */

/* Begin PBXCopyFilesBuildPhase section */
		0586726D2A7CE7B500C5B61C /* Embed Watch Content */ = {
			isa = PBXCopyFilesBuildPhase;
			buildActionMask = 2147483647;
			dstPath = "$(CONTENTS_FOLDER_PATH)/Watch";
			dstSubfolderSpec = 16;
			files = (
				0586729B2A7CE9AE00C5B61C /* DialoqueWatch Watch App.app in Embed Watch Content */,
			);
			name = "Embed Watch Content";
			runOnlyForDeploymentPostprocessing = 0;
		};
		7DAEBE6E2A8379FE009379ED /* Embed Foundation Extensions */ = {
			isa = PBXCopyFilesBuildPhase;
			buildActionMask = 2147483647;
			dstPath = "";
			dstSubfolderSpec = 13;
			files = (
				7DAEBE882A837D56009379ED /* Dialoque WidgetExtension.appex in Embed Foundation Extensions */,
			);
			name = "Embed Foundation Extensions";
			runOnlyForDeploymentPostprocessing = 0;
		};
/* End PBXCopyFilesBuildPhase section */

/* Begin PBXFileReference section */
		058672782A7CE9AD00C5B61C /* DialoqueWatch Watch App.app */ = {isa = PBXFileReference; explicitFileType = wrapper.application; includeInIndex = 0; path = "DialoqueWatch Watch App.app"; sourceTree = BUILT_PRODUCTS_DIR; };
		0586727A2A7CE9AD00C5B61C /* DialoqueWatchApp.swift */ = {isa = PBXFileReference; lastKnownFileType = sourcecode.swift; path = DialoqueWatchApp.swift; sourceTree = "<group>"; };
		0586727C2A7CE9AD00C5B61C /* DashboardView.swift */ = {isa = PBXFileReference; lastKnownFileType = sourcecode.swift; path = DashboardView.swift; sourceTree = "<group>"; };
		0586727E2A7CE9AE00C5B61C /* Assets.xcassets */ = {isa = PBXFileReference; lastKnownFileType = folder.assetcatalog; path = Assets.xcassets; sourceTree = "<group>"; };
		058672812A7CE9AE00C5B61C /* Preview Assets.xcassets */ = {isa = PBXFileReference; lastKnownFileType = folder.assetcatalog; path = "Preview Assets.xcassets"; sourceTree = "<group>"; };
		05BA050E2A7A3EB7007DA27D /* GameKitController.swift */ = {isa = PBXFileReference; lastKnownFileType = sourcecode.swift; path = GameKitController.swift; sourceTree = "<group>"; };
		05BA05112A7A3F04007DA27D /* PlayerModel.swift */ = {isa = PBXFileReference; lastKnownFileType = sourcecode.swift; path = PlayerModel.swift; sourceTree = "<group>"; };
		05BFFD8C2A80D9A000D657B9 /* DialoqueWatch Watch App.entitlements */ = {isa = PBXFileReference; lastKnownFileType = text.plist.entitlements; path = "DialoqueWatch Watch App.entitlements"; sourceTree = "<group>"; };
		05BFFD8D2A80DA7100D657B9 /* Dialoque.entitlements */ = {isa = PBXFileReference; lastKnownFileType = text.plist.entitlements; path = Dialoque.entitlements; sourceTree = "<group>"; };
		05BFFD982A80E1AD00D657B9 /* DialoqueWatch-Watch-App-Info.plist */ = {isa = PBXFileReference; lastKnownFileType = text.plist; path = "DialoqueWatch-Watch-App-Info.plist"; sourceTree = SOURCE_ROOT; };
		05BFFDA42A80F9B100D657B9 /* GameCenterView.swift */ = {isa = PBXFileReference; lastKnownFileType = sourcecode.swift; name = GameCenterView.swift; path = Dialoque/Views/GameCenterView.swift; sourceTree = SOURCE_ROOT; };
		05C18FB82A73AFA2002FF46C /* Dialoque.app */ = {isa = PBXFileReference; explicitFileType = wrapper.application; includeInIndex = 0; path = Dialoque.app; sourceTree = BUILT_PRODUCTS_DIR; };
		05C18FBB2A73AFA2002FF46C /* DialoqueApp.swift */ = {isa = PBXFileReference; lastKnownFileType = sourcecode.swift; path = DialoqueApp.swift; sourceTree = "<group>"; };
		05C18FBD2A73AFA2002FF46C /* DashboardView.swift */ = {isa = PBXFileReference; lastKnownFileType = sourcecode.swift; path = DashboardView.swift; sourceTree = "<group>"; };
		05C18FBF2A73AFA3002FF46C /* Assets.xcassets */ = {isa = PBXFileReference; lastKnownFileType = folder.assetcatalog; path = Assets.xcassets; sourceTree = "<group>"; };
		05C18FC22A73AFA3002FF46C /* Preview Assets.xcassets */ = {isa = PBXFileReference; lastKnownFileType = folder.assetcatalog; path = "Preview Assets.xcassets"; sourceTree = "<group>"; };
		05C18FC42A73AFA3002FF46C /* Persistence.swift */ = {isa = PBXFileReference; lastKnownFileType = sourcecode.swift; path = Persistence.swift; sourceTree = "<group>"; };
		05C18FC92A73AFA3002FF46C /* Info.plist */ = {isa = PBXFileReference; lastKnownFileType = text.plist.xml; path = Info.plist; sourceTree = "<group>"; };
		05EAC9612A8B62F60091C1AA /* TestView.swift */ = {isa = PBXFileReference; fileEncoding = 4; lastKnownFileType = sourcecode.swift; path = TestView.swift; sourceTree = "<group>"; };
		05EAC9652A8B63620091C1AA /* Extensions */ = {isa = PBXFileReference; lastKnownFileType = folder; path = Extensions; sourceTree = "<group>"; };
		05EAC96A2A8B647C0091C1AA /* RoundedCornersShape.swift */ = {isa = PBXFileReference; fileEncoding = 4; lastKnownFileType = sourcecode.swift; path = RoundedCornersShape.swift; sourceTree = "<group>"; };
		7D0046CC2A82360D002B71F0 /* Dialoque.xcdatamodel */ = {isa = PBXFileReference; lastKnownFileType = wrapper.xcdatamodel; path = Dialoque.xcdatamodel; sourceTree = "<group>"; };
		7DAEBE762A837D55009379ED /* Dialoque WidgetExtension.appex */ = {isa = PBXFileReference; explicitFileType = "wrapper.app-extension"; includeInIndex = 0; path = "Dialoque WidgetExtension.appex"; sourceTree = BUILT_PRODUCTS_DIR; };
		7DAEBE7A2A837D55009379ED /* Dialoque_WidgetBundle.swift */ = {isa = PBXFileReference; lastKnownFileType = sourcecode.swift; path = Dialoque_WidgetBundle.swift; sourceTree = "<group>"; };
		7DAEBE7E2A837D55009379ED /* Dialoque_Widget.swift */ = {isa = PBXFileReference; lastKnownFileType = sourcecode.swift; path = Dialoque_Widget.swift; sourceTree = "<group>"; };
		7DAEBE802A837D55009379ED /* Dialoque_Widget.intentdefinition */ = {isa = PBXFileReference; lastKnownFileType = file.intentdefinition; path = Dialoque_Widget.intentdefinition; sourceTree = "<group>"; };
		7DAEBE812A837D56009379ED /* Assets.xcassets */ = {isa = PBXFileReference; lastKnownFileType = folder.assetcatalog; path = Assets.xcassets; sourceTree = "<group>"; };
		7DAEBE832A837D56009379ED /* Info.plist */ = {isa = PBXFileReference; lastKnownFileType = text.plist.xml; path = Info.plist; sourceTree = "<group>"; };
		7DAEBE8C2A838FCF009379ED /* UserDefaults.swift */ = {isa = PBXFileReference; lastKnownFileType = sourcecode.swift; path = UserDefaults.swift; sourceTree = "<group>"; };
		7DAEBEAE2A83B8C3009379ED /* Dialoque WidgetExtension.entitlements */ = {isa = PBXFileReference; lastKnownFileType = text.plist.entitlements; path = "Dialoque WidgetExtension.entitlements"; sourceTree = "<group>"; };
		7DB174872A84D5F2004DEF8E /* PointsCountManager.swift */ = {isa = PBXFileReference; lastKnownFileType = sourcecode.swift; path = PointsCountManager.swift; sourceTree = "<group>"; };
/* End PBXFileReference section */

/* Begin PBXFrameworksBuildPhase section */
		058672752A7CE9AD00C5B61C /* Frameworks */ = {
			isa = PBXFrameworksBuildPhase;
			buildActionMask = 2147483647;
			files = (
			);
			runOnlyForDeploymentPostprocessing = 0;
		};
		05C18FB52A73AFA2002FF46C /* Frameworks */ = {
			isa = PBXFrameworksBuildPhase;
			buildActionMask = 2147483647;
			files = (
				7D0046D52A824FA5002B71F0 /* SwiftSpeech in Frameworks */,
			);
			runOnlyForDeploymentPostprocessing = 0;
		};
		7DAEBE732A837D55009379ED /* Frameworks */ = {
			isa = PBXFrameworksBuildPhase;
			buildActionMask = 2147483647;
			files = (
			);
			runOnlyForDeploymentPostprocessing = 0;
		};
/* End PBXFrameworksBuildPhase section */

/* Begin PBXGroup section */
		0586723D2A7CE65100C5B61C /* Shared */ = {
			isa = PBXGroup;
			children = (
				7D0046CB2A82360D002B71F0 /* Dialoque.xcdatamodeld */,
				05C18FC42A73AFA3002FF46C /* Persistence.swift */,
				7DAEBE8C2A838FCF009379ED /* UserDefaults.swift */,
				7DB174862A84D5DE004DEF8E /* Helper */,
			);
			path = Shared;
			sourceTree = "<group>";
		};
		058672792A7CE9AD00C5B61C /* DialoqueWatch Watch App */ = {
			isa = PBXGroup;
			children = (
				05BFFD982A80E1AD00D657B9 /* DialoqueWatch-Watch-App-Info.plist */,
				05BFFD8C2A80D9A000D657B9 /* DialoqueWatch Watch App.entitlements */,
				0586727A2A7CE9AD00C5B61C /* DialoqueWatchApp.swift */,
				0586727C2A7CE9AD00C5B61C /* DashboardView.swift */,
				0586727E2A7CE9AE00C5B61C /* Assets.xcassets */,
				058672802A7CE9AE00C5B61C /* Preview Content */,
			);
			path = "DialoqueWatch Watch App";
			sourceTree = "<group>";
		};
		058672802A7CE9AE00C5B61C /* Preview Content */ = {
			isa = PBXGroup;
			children = (
				058672812A7CE9AE00C5B61C /* Preview Assets.xcassets */,
			);
			path = "Preview Content";
			sourceTree = "<group>";
		};
		058957952A838A6E009E3BBF /* Views */ = {
			isa = PBXGroup;
			children = (
				05EAC9672A8B64450091C1AA /* Components */,
				05EAC9612A8B62F60091C1AA /* TestView.swift */,
				05C18FBD2A73AFA2002FF46C /* DashboardView.swift */,
				05BFFDA42A80F9B100D657B9 /* GameCenterView.swift */,
			);
			path = Views;
			sourceTree = "<group>";
		};
		05BA050D2A7A3CCB007DA27D /* Controllers */ = {
			isa = PBXGroup;
			children = (
				05BA050E2A7A3EB7007DA27D /* GameKitController.swift */,
			);
			path = Controllers;
			sourceTree = "<group>";
		};
		05BA05102A7A3EF6007DA27D /* Models */ = {
			isa = PBXGroup;
			children = (
				05BA05112A7A3F04007DA27D /* PlayerModel.swift */,
			);
			path = Models;
			sourceTree = "<group>";
		};
		05C18FAF2A73AFA2002FF46C = {
			isa = PBXGroup;
			children = (
				7DAEBEAE2A83B8C3009379ED /* Dialoque WidgetExtension.entitlements */,
				0586723D2A7CE65100C5B61C /* Shared */,
				05C18FBA2A73AFA2002FF46C /* Dialoque */,
				058672792A7CE9AD00C5B61C /* DialoqueWatch Watch App */,
				7DAEBE792A837D55009379ED /* Dialoque Widget */,
				05C18FB92A73AFA2002FF46C /* Products */,
			);
			sourceTree = "<group>";
		};
		05C18FB92A73AFA2002FF46C /* Products */ = {
			isa = PBXGroup;
			children = (
				05C18FB82A73AFA2002FF46C /* Dialoque.app */,
				058672782A7CE9AD00C5B61C /* DialoqueWatch Watch App.app */,
				7DAEBE762A837D55009379ED /* Dialoque WidgetExtension.appex */,
			);
			name = Products;
			sourceTree = "<group>";
		};
		05C18FBA2A73AFA2002FF46C /* Dialoque */ = {
			isa = PBXGroup;
			children = (
				05BA050D2A7A3CCB007DA27D /* Controllers */,
				05BA05102A7A3EF6007DA27D /* Models */,
				058957952A838A6E009E3BBF /* Views */,
				05C18FBB2A73AFA2002FF46C /* DialoqueApp.swift */,
				05EAC9652A8B63620091C1AA /* Extensions */,
				05C18FC92A73AFA3002FF46C /* Info.plist */,
				05BFFD8D2A80DA7100D657B9 /* Dialoque.entitlements */,
				05C18FBF2A73AFA3002FF46C /* Assets.xcassets */,
				05C18FC12A73AFA3002FF46C /* Preview Content */,
			);
			path = Dialoque;
			sourceTree = "<group>";
		};
		05C18FC12A73AFA3002FF46C /* Preview Content */ = {
			isa = PBXGroup;
			children = (
				05C18FC22A73AFA3002FF46C /* Preview Assets.xcassets */,
			);
			path = "Preview Content";
			sourceTree = "<group>";
		};
		05EAC9672A8B64450091C1AA /* Components */ = {
			isa = PBXGroup;
			children = (
				05EAC96A2A8B647C0091C1AA /* RoundedCornersShape.swift */,
			);
			path = Components;
			sourceTree = "<group>";
		};
		7DAEBE792A837D55009379ED /* Dialoque Widget */ = {
			isa = PBXGroup;
			children = (
				7DAEBE7A2A837D55009379ED /* Dialoque_WidgetBundle.swift */,
				7DAEBE7E2A837D55009379ED /* Dialoque_Widget.swift */,
				7DAEBE802A837D55009379ED /* Dialoque_Widget.intentdefinition */,
				7DAEBE812A837D56009379ED /* Assets.xcassets */,
				7DAEBE832A837D56009379ED /* Info.plist */,
			);
			path = "Dialoque Widget";
			sourceTree = "<group>";
		};
		7DB174862A84D5DE004DEF8E /* Helper */ = {
			isa = PBXGroup;
			children = (
				7DB174872A84D5F2004DEF8E /* PointsCountManager.swift */,
			);
			path = Helper;
			sourceTree = "<group>";
		};
/* End PBXGroup section */

/* Begin PBXNativeTarget section */
		058672772A7CE9AD00C5B61C /* DialoqueWatch Watch App */ = {
			isa = PBXNativeTarget;
			buildConfigurationList = 0586729C2A7CE9AE00C5B61C /* Build configuration list for PBXNativeTarget "DialoqueWatch Watch App" */;
			buildPhases = (
				058672742A7CE9AD00C5B61C /* Sources */,
				058672752A7CE9AD00C5B61C /* Frameworks */,
				058672762A7CE9AD00C5B61C /* Resources */,
			);
			buildRules = (
			);
			dependencies = (
			);
			name = "DialoqueWatch Watch App";
			productName = "DialoqueWatch Watch App";
			productReference = 058672782A7CE9AD00C5B61C /* DialoqueWatch Watch App.app */;
			productType = "com.apple.product-type.application";
		};
		05C18FB72A73AFA2002FF46C /* Dialoque */ = {
			isa = PBXNativeTarget;
			buildConfigurationList = 05C18FE22A73AFA3002FF46C /* Build configuration list for PBXNativeTarget "Dialoque" */;
			buildPhases = (
				05C18FB42A73AFA2002FF46C /* Sources */,
				05C18FB52A73AFA2002FF46C /* Frameworks */,
				05C18FB62A73AFA2002FF46C /* Resources */,
				0586726D2A7CE7B500C5B61C /* Embed Watch Content */,
				7DAEBE6E2A8379FE009379ED /* Embed Foundation Extensions */,
			);
			buildRules = (
			);
			dependencies = (
				0586729A2A7CE9AE00C5B61C /* PBXTargetDependency */,
				7DAEBE872A837D56009379ED /* PBXTargetDependency */,
			);
			name = Dialoque;
			packageProductDependencies = (
				7D0046D42A824FA5002B71F0 /* SwiftSpeech */,
			);
			productName = Dialoque;
			productReference = 05C18FB82A73AFA2002FF46C /* Dialoque.app */;
			productType = "com.apple.product-type.application";
		};
		7DAEBE752A837D55009379ED /* Dialoque WidgetExtension */ = {
			isa = PBXNativeTarget;
			buildConfigurationList = 7DAEBE892A837D56009379ED /* Build configuration list for PBXNativeTarget "Dialoque WidgetExtension" */;
			buildPhases = (
				7DAEBE722A837D55009379ED /* Sources */,
				7DAEBE732A837D55009379ED /* Frameworks */,
				7DAEBE742A837D55009379ED /* Resources */,
			);
			buildRules = (
			);
			dependencies = (
			);
			name = "Dialoque WidgetExtension";
			productName = "Dialoque WidgetExtension";
			productReference = 7DAEBE762A837D55009379ED /* Dialoque WidgetExtension.appex */;
			productType = "com.apple.product-type.app-extension";
		};
/* End PBXNativeTarget section */

/* Begin PBXProject section */
		05C18FB02A73AFA2002FF46C /* Project object */ = {
			isa = PBXProject;
			attributes = {
				BuildIndependentTargetsInParallel = 1;
				LastSwiftUpdateCheck = 1430;
				LastUpgradeCheck = 1430;
				TargetAttributes = {
					058672772A7CE9AD00C5B61C = {
						CreatedOnToolsVersion = 14.3.1;
					};
					05C18FB72A73AFA2002FF46C = {
						CreatedOnToolsVersion = 14.3.1;
					};
					7DAEBE752A837D55009379ED = {
						CreatedOnToolsVersion = 14.3;
					};
				};
			};
			buildConfigurationList = 05C18FB32A73AFA2002FF46C /* Build configuration list for PBXProject "Dialoque" */;
			compatibilityVersion = "Xcode 14.0";
			developmentRegion = en;
			hasScannedForEncodings = 0;
			knownRegions = (
				en,
				Base,
			);
			mainGroup = 05C18FAF2A73AFA2002FF46C;
			packageReferences = (
				7D0046D32A824FA5002B71F0 /* XCRemoteSwiftPackageReference "SwiftSpeech" */,
			);
			productRefGroup = 05C18FB92A73AFA2002FF46C /* Products */;
			projectDirPath = "";
			projectRoot = "";
			targets = (
				05C18FB72A73AFA2002FF46C /* Dialoque */,
				058672772A7CE9AD00C5B61C /* DialoqueWatch Watch App */,
				7DAEBE752A837D55009379ED /* Dialoque WidgetExtension */,
			);
		};
/* End PBXProject section */

/* Begin PBXResourcesBuildPhase section */
		058672762A7CE9AD00C5B61C /* Resources */ = {
			isa = PBXResourcesBuildPhase;
			buildActionMask = 2147483647;
			files = (
				058672822A7CE9AE00C5B61C /* Preview Assets.xcassets in Resources */,
				0586727F2A7CE9AE00C5B61C /* Assets.xcassets in Resources */,
			);
			runOnlyForDeploymentPostprocessing = 0;
		};
		05C18FB62A73AFA2002FF46C /* Resources */ = {
			isa = PBXResourcesBuildPhase;
			buildActionMask = 2147483647;
			files = (
				05C18FC32A73AFA3002FF46C /* Preview Assets.xcassets in Resources */,
				05C18FC02A73AFA3002FF46C /* Assets.xcassets in Resources */,
				05EAC9662A8B63620091C1AA /* Extensions in Resources */,
			);
			runOnlyForDeploymentPostprocessing = 0;
		};
		7DAEBE742A837D55009379ED /* Resources */ = {
			isa = PBXResourcesBuildPhase;
			buildActionMask = 2147483647;
			files = (
				7DAEBE822A837D56009379ED /* Assets.xcassets in Resources */,
			);
			runOnlyForDeploymentPostprocessing = 0;
		};
/* End PBXResourcesBuildPhase section */

/* Begin PBXSourcesBuildPhase section */
		058672742A7CE9AD00C5B61C /* Sources */ = {
			isa = PBXSourcesBuildPhase;
			buildActionMask = 2147483647;
			files = (
				0586727D2A7CE9AD00C5B61C /* DashboardView.swift in Sources */,
				0586727B2A7CE9AD00C5B61C /* DialoqueWatchApp.swift in Sources */,
				7DAEBE8E2A838FCF009379ED /* UserDefaults.swift in Sources */,
				7DB174892A84D5F2004DEF8E /* PointsCountManager.swift in Sources */,
				7D0046CE2A82360D002B71F0 /* Dialoque.xcdatamodeld in Sources */,
				7D0046D22A8238DB002B71F0 /* Persistence.swift in Sources */,
			);
			runOnlyForDeploymentPostprocessing = 0;
		};
		05C18FB42A73AFA2002FF46C /* Sources */ = {
			isa = PBXSourcesBuildPhase;
			buildActionMask = 2147483647;
			files = (
				05EAC9622A8B62F60091C1AA /* TestView.swift in Sources */,
				05BA05122A7A3F04007DA27D /* PlayerModel.swift in Sources */,
				7D0046CD2A82360D002B71F0 /* Dialoque.xcdatamodeld in Sources */,
				05BFFDA52A80F9B100D657B9 /* GameCenterView.swift in Sources */,
				7DAEBE8D2A838FCF009379ED /* UserDefaults.swift in Sources */,
				7DAEBE852A837D56009379ED /* Dialoque_Widget.intentdefinition in Sources */,
				05C18FC52A73AFA3002FF46C /* Persistence.swift in Sources */,
				05EAC96B2A8B647C0091C1AA /* RoundedCornersShape.swift in Sources */,
				05C18FBE2A73AFA2002FF46C /* DashboardView.swift in Sources */,
				7DB174882A84D5F2004DEF8E /* PointsCountManager.swift in Sources */,
				05C18FBC2A73AFA2002FF46C /* DialoqueApp.swift in Sources */,
				05BA050F2A7A3EB7007DA27D /* GameKitController.swift in Sources */,
			);
			runOnlyForDeploymentPostprocessing = 0;
		};
		7DAEBE722A837D55009379ED /* Sources */ = {
			isa = PBXSourcesBuildPhase;
			buildActionMask = 2147483647;
			files = (
				7DAEBE8F2A838FCF009379ED /* UserDefaults.swift in Sources */,
				7DAEBE842A837D56009379ED /* Dialoque_Widget.intentdefinition in Sources */,
				7DAEBE7F2A837D55009379ED /* Dialoque_Widget.swift in Sources */,
				7DAEBE7B2A837D55009379ED /* Dialoque_WidgetBundle.swift in Sources */,
			);
			runOnlyForDeploymentPostprocessing = 0;
		};
/* End PBXSourcesBuildPhase section */

/* Begin PBXTargetDependency section */
		0586729A2A7CE9AE00C5B61C /* PBXTargetDependency */ = {
			isa = PBXTargetDependency;
			target = 058672772A7CE9AD00C5B61C /* DialoqueWatch Watch App */;
			targetProxy = 058672992A7CE9AE00C5B61C /* PBXContainerItemProxy */;
		};
		7DAEBE872A837D56009379ED /* PBXTargetDependency */ = {
			isa = PBXTargetDependency;
			target = 7DAEBE752A837D55009379ED /* Dialoque WidgetExtension */;
			targetProxy = 7DAEBE862A837D56009379ED /* PBXContainerItemProxy */;
		};
/* End PBXTargetDependency section */

/* Begin XCBuildConfiguration section */
		0586729D2A7CE9AE00C5B61C /* Debug */ = {
			isa = XCBuildConfiguration;
			buildSettings = {
				ASSETCATALOG_COMPILER_APPICON_NAME = AppIcon;
				ASSETCATALOG_COMPILER_GLOBAL_ACCENT_COLOR_NAME = AccentColor;
				CODE_SIGN_ENTITLEMENTS = "DialoqueWatch Watch App/DialoqueWatch Watch App.entitlements";
				CODE_SIGN_STYLE = Automatic;
				CURRENT_PROJECT_VERSION = 1;
				DEVELOPMENT_ASSET_PATHS = "\"DialoqueWatch Watch App/Preview Content\"";
				DEVELOPMENT_TEAM = G6VH4SDWTF;
				ENABLE_PREVIEWS = YES;
				GENERATE_INFOPLIST_FILE = YES;
				INFOPLIST_FILE = "DialoqueWatch-Watch-App-Info.plist";
				INFOPLIST_KEY_CFBundleDisplayName = DialoqueWatch;
				INFOPLIST_KEY_UISupportedInterfaceOrientations = "UIInterfaceOrientationPortrait UIInterfaceOrientationPortraitUpsideDown";
				INFOPLIST_KEY_WKCompanionAppBundleIdentifier = com.nielio.Dialoque;
				LD_RUNPATH_SEARCH_PATHS = (
					"$(inherited)",
					"@executable_path/Frameworks",
				);
				MARKETING_VERSION = 1.0;
				PRODUCT_BUNDLE_IDENTIFIER = com.nielio.Dialoque.watchkitapp;
				PRODUCT_NAME = "$(TARGET_NAME)";
				SDKROOT = watchos;
				SKIP_INSTALL = YES;
				SWIFT_EMIT_LOC_STRINGS = YES;
				SWIFT_VERSION = 5.0;
				TARGETED_DEVICE_FAMILY = 4;
				WATCHOS_DEPLOYMENT_TARGET = 9.0;
			};
			name = Debug;
		};
		0586729E2A7CE9AE00C5B61C /* Release */ = {
			isa = XCBuildConfiguration;
			buildSettings = {
				ASSETCATALOG_COMPILER_APPICON_NAME = AppIcon;
				ASSETCATALOG_COMPILER_GLOBAL_ACCENT_COLOR_NAME = AccentColor;
				CODE_SIGN_ENTITLEMENTS = "DialoqueWatch Watch App/DialoqueWatch Watch App.entitlements";
				CODE_SIGN_STYLE = Automatic;
				CURRENT_PROJECT_VERSION = 1;
				DEVELOPMENT_ASSET_PATHS = "\"DialoqueWatch Watch App/Preview Content\"";
				DEVELOPMENT_TEAM = G6VH4SDWTF;
				ENABLE_PREVIEWS = YES;
				GENERATE_INFOPLIST_FILE = YES;
				INFOPLIST_FILE = "DialoqueWatch-Watch-App-Info.plist";
				INFOPLIST_KEY_CFBundleDisplayName = DialoqueWatch;
				INFOPLIST_KEY_UISupportedInterfaceOrientations = "UIInterfaceOrientationPortrait UIInterfaceOrientationPortraitUpsideDown";
				INFOPLIST_KEY_WKCompanionAppBundleIdentifier = com.nielio.Dialoque;
				LD_RUNPATH_SEARCH_PATHS = (
					"$(inherited)",
					"@executable_path/Frameworks",
				);
				MARKETING_VERSION = 1.0;
				PRODUCT_BUNDLE_IDENTIFIER = com.nielio.Dialoque.watchkitapp;
				PRODUCT_NAME = "$(TARGET_NAME)";
				SDKROOT = watchos;
				SKIP_INSTALL = YES;
				SWIFT_EMIT_LOC_STRINGS = YES;
				SWIFT_VERSION = 5.0;
				TARGETED_DEVICE_FAMILY = 4;
				WATCHOS_DEPLOYMENT_TARGET = 9.0;
			};
			name = Release;
		};
		05C18FE02A73AFA3002FF46C /* Debug */ = {
			isa = XCBuildConfiguration;
			buildSettings = {
				ALWAYS_SEARCH_USER_PATHS = NO;
				CLANG_ANALYZER_NONNULL = YES;
				CLANG_ANALYZER_NUMBER_OBJECT_CONVERSION = YES_AGGRESSIVE;
				CLANG_CXX_LANGUAGE_STANDARD = "gnu++20";
				CLANG_ENABLE_MODULES = YES;
				CLANG_ENABLE_OBJC_ARC = YES;
				CLANG_ENABLE_OBJC_WEAK = YES;
				CLANG_WARN_BLOCK_CAPTURE_AUTORELEASING = YES;
				CLANG_WARN_BOOL_CONVERSION = YES;
				CLANG_WARN_COMMA = YES;
				CLANG_WARN_CONSTANT_CONVERSION = YES;
				CLANG_WARN_DEPRECATED_OBJC_IMPLEMENTATIONS = YES;
				CLANG_WARN_DIRECT_OBJC_ISA_USAGE = YES_ERROR;
				CLANG_WARN_DOCUMENTATION_COMMENTS = YES;
				CLANG_WARN_EMPTY_BODY = YES;
				CLANG_WARN_ENUM_CONVERSION = YES;
				CLANG_WARN_INFINITE_RECURSION = YES;
				CLANG_WARN_INT_CONVERSION = YES;
				CLANG_WARN_NON_LITERAL_NULL_CONVERSION = YES;
				CLANG_WARN_OBJC_IMPLICIT_RETAIN_SELF = YES;
				CLANG_WARN_OBJC_LITERAL_CONVERSION = YES;
				CLANG_WARN_OBJC_ROOT_CLASS = YES_ERROR;
				CLANG_WARN_QUOTED_INCLUDE_IN_FRAMEWORK_HEADER = YES;
				CLANG_WARN_RANGE_LOOP_ANALYSIS = YES;
				CLANG_WARN_STRICT_PROTOTYPES = YES;
				CLANG_WARN_SUSPICIOUS_MOVE = YES;
				CLANG_WARN_UNGUARDED_AVAILABILITY = YES_AGGRESSIVE;
				CLANG_WARN_UNREACHABLE_CODE = YES;
				CLANG_WARN__DUPLICATE_METHOD_MATCH = YES;
				COPY_PHASE_STRIP = NO;
				DEBUG_INFORMATION_FORMAT = dwarf;
				ENABLE_STRICT_OBJC_MSGSEND = YES;
				ENABLE_TESTABILITY = YES;
				GCC_C_LANGUAGE_STANDARD = gnu11;
				GCC_DYNAMIC_NO_PIC = NO;
				GCC_NO_COMMON_BLOCKS = YES;
				GCC_OPTIMIZATION_LEVEL = 0;
				GCC_PREPROCESSOR_DEFINITIONS = (
					"DEBUG=1",
					"$(inherited)",
				);
				GCC_WARN_64_TO_32_BIT_CONVERSION = YES;
				GCC_WARN_ABOUT_RETURN_TYPE = YES_ERROR;
				GCC_WARN_UNDECLARED_SELECTOR = YES;
				GCC_WARN_UNINITIALIZED_AUTOS = YES_AGGRESSIVE;
				GCC_WARN_UNUSED_FUNCTION = YES;
				GCC_WARN_UNUSED_VARIABLE = YES;
				IPHONEOS_DEPLOYMENT_TARGET = 16.4;
				MTL_ENABLE_DEBUG_INFO = INCLUDE_SOURCE;
				MTL_FAST_MATH = YES;
				ONLY_ACTIVE_ARCH = YES;
				SDKROOT = iphoneos;
				SWIFT_ACTIVE_COMPILATION_CONDITIONS = DEBUG;
				SWIFT_OPTIMIZATION_LEVEL = "-Onone";
			};
			name = Debug;
		};
		05C18FE12A73AFA3002FF46C /* Release */ = {
			isa = XCBuildConfiguration;
			buildSettings = {
				ALWAYS_SEARCH_USER_PATHS = NO;
				CLANG_ANALYZER_NONNULL = YES;
				CLANG_ANALYZER_NUMBER_OBJECT_CONVERSION = YES_AGGRESSIVE;
				CLANG_CXX_LANGUAGE_STANDARD = "gnu++20";
				CLANG_ENABLE_MODULES = YES;
				CLANG_ENABLE_OBJC_ARC = YES;
				CLANG_ENABLE_OBJC_WEAK = YES;
				CLANG_WARN_BLOCK_CAPTURE_AUTORELEASING = YES;
				CLANG_WARN_BOOL_CONVERSION = YES;
				CLANG_WARN_COMMA = YES;
				CLANG_WARN_CONSTANT_CONVERSION = YES;
				CLANG_WARN_DEPRECATED_OBJC_IMPLEMENTATIONS = YES;
				CLANG_WARN_DIRECT_OBJC_ISA_USAGE = YES_ERROR;
				CLANG_WARN_DOCUMENTATION_COMMENTS = YES;
				CLANG_WARN_EMPTY_BODY = YES;
				CLANG_WARN_ENUM_CONVERSION = YES;
				CLANG_WARN_INFINITE_RECURSION = YES;
				CLANG_WARN_INT_CONVERSION = YES;
				CLANG_WARN_NON_LITERAL_NULL_CONVERSION = YES;
				CLANG_WARN_OBJC_IMPLICIT_RETAIN_SELF = YES;
				CLANG_WARN_OBJC_LITERAL_CONVERSION = YES;
				CLANG_WARN_OBJC_ROOT_CLASS = YES_ERROR;
				CLANG_WARN_QUOTED_INCLUDE_IN_FRAMEWORK_HEADER = YES;
				CLANG_WARN_RANGE_LOOP_ANALYSIS = YES;
				CLANG_WARN_STRICT_PROTOTYPES = YES;
				CLANG_WARN_SUSPICIOUS_MOVE = YES;
				CLANG_WARN_UNGUARDED_AVAILABILITY = YES_AGGRESSIVE;
				CLANG_WARN_UNREACHABLE_CODE = YES;
				CLANG_WARN__DUPLICATE_METHOD_MATCH = YES;
				COPY_PHASE_STRIP = NO;
				DEBUG_INFORMATION_FORMAT = "dwarf-with-dsym";
				ENABLE_NS_ASSERTIONS = NO;
				ENABLE_STRICT_OBJC_MSGSEND = YES;
				GCC_C_LANGUAGE_STANDARD = gnu11;
				GCC_NO_COMMON_BLOCKS = YES;
				GCC_WARN_64_TO_32_BIT_CONVERSION = YES;
				GCC_WARN_ABOUT_RETURN_TYPE = YES_ERROR;
				GCC_WARN_UNDECLARED_SELECTOR = YES;
				GCC_WARN_UNINITIALIZED_AUTOS = YES_AGGRESSIVE;
				GCC_WARN_UNUSED_FUNCTION = YES;
				GCC_WARN_UNUSED_VARIABLE = YES;
				IPHONEOS_DEPLOYMENT_TARGET = 16.4;
				MTL_ENABLE_DEBUG_INFO = NO;
				MTL_FAST_MATH = YES;
				SDKROOT = iphoneos;
				SWIFT_COMPILATION_MODE = wholemodule;
				SWIFT_OPTIMIZATION_LEVEL = "-O";
				VALIDATE_PRODUCT = YES;
			};
			name = Release;
		};
		05C18FE32A73AFA3002FF46C /* Debug */ = {
			isa = XCBuildConfiguration;
			buildSettings = {
				ALWAYS_EMBED_SWIFT_STANDARD_LIBRARIES = YES;
				ASSETCATALOG_COMPILER_APPICON_NAME = AppIcon;
				ASSETCATALOG_COMPILER_GLOBAL_ACCENT_COLOR_NAME = AccentColor;
				CODE_SIGN_ENTITLEMENTS = Dialoque/Dialoque.entitlements;
				CODE_SIGN_STYLE = Automatic;
				CURRENT_PROJECT_VERSION = 1;
				DEVELOPMENT_ASSET_PATHS = "\"Dialoque/Preview Content\"";
				DEVELOPMENT_TEAM = G6VH4SDWTF;
				ENABLE_PREVIEWS = YES;
				GENERATE_INFOPLIST_FILE = YES;
				INFOPLIST_FILE = Dialoque/Info.plist;
				INFOPLIST_KEY_NSMicrophoneUsageDescription = "This app uses the mircrophone to record audio for speech recognition.";
				INFOPLIST_KEY_NSSpeechRecognitionUsageDescription = "This app uses speech recognition to convert your speech into text.";
				INFOPLIST_KEY_UIApplicationSceneManifest_Generation = YES;
				INFOPLIST_KEY_UIApplicationSupportsIndirectInputEvents = YES;
				INFOPLIST_KEY_UILaunchScreen_Generation = YES;
				INFOPLIST_KEY_UISupportedInterfaceOrientations_iPad = "UIInterfaceOrientationPortrait UIInterfaceOrientationPortraitUpsideDown UIInterfaceOrientationLandscapeLeft UIInterfaceOrientationLandscapeRight";
				INFOPLIST_KEY_UISupportedInterfaceOrientations_iPhone = "UIInterfaceOrientationPortrait UIInterfaceOrientationLandscapeLeft UIInterfaceOrientationLandscapeRight";
				LD_RUNPATH_SEARCH_PATHS = (
					"$(inherited)",
					"@executable_path/Frameworks",
				);
				MARKETING_VERSION = 1.0;
				PRODUCT_BUNDLE_IDENTIFIER = com.nielio.Dialoque;
				PRODUCT_NAME = "$(TARGET_NAME)";
				SWIFT_EMIT_LOC_STRINGS = YES;
				SWIFT_VERSION = 5.0;
				TARGETED_DEVICE_FAMILY = "1,2";
			};
			name = Debug;
		};
		05C18FE42A73AFA3002FF46C /* Release */ = {
			isa = XCBuildConfiguration;
			buildSettings = {
				ALWAYS_EMBED_SWIFT_STANDARD_LIBRARIES = YES;
				ASSETCATALOG_COMPILER_APPICON_NAME = AppIcon;
				ASSETCATALOG_COMPILER_GLOBAL_ACCENT_COLOR_NAME = AccentColor;
				CODE_SIGN_ENTITLEMENTS = Dialoque/Dialoque.entitlements;
				CODE_SIGN_STYLE = Automatic;
				CURRENT_PROJECT_VERSION = 1;
				DEVELOPMENT_ASSET_PATHS = "\"Dialoque/Preview Content\"";
				DEVELOPMENT_TEAM = G6VH4SDWTF;
				ENABLE_PREVIEWS = YES;
				GENERATE_INFOPLIST_FILE = YES;
				INFOPLIST_FILE = Dialoque/Info.plist;
				INFOPLIST_KEY_NSMicrophoneUsageDescription = "This app uses the mircrophone to record audio for speech recognition.";
				INFOPLIST_KEY_NSSpeechRecognitionUsageDescription = "This app uses speech recognition to convert your speech into text.";
				INFOPLIST_KEY_UIApplicationSceneManifest_Generation = YES;
				INFOPLIST_KEY_UIApplicationSupportsIndirectInputEvents = YES;
				INFOPLIST_KEY_UILaunchScreen_Generation = YES;
				INFOPLIST_KEY_UISupportedInterfaceOrientations_iPad = "UIInterfaceOrientationPortrait UIInterfaceOrientationPortraitUpsideDown UIInterfaceOrientationLandscapeLeft UIInterfaceOrientationLandscapeRight";
				INFOPLIST_KEY_UISupportedInterfaceOrientations_iPhone = "UIInterfaceOrientationPortrait UIInterfaceOrientationLandscapeLeft UIInterfaceOrientationLandscapeRight";
				LD_RUNPATH_SEARCH_PATHS = (
					"$(inherited)",
					"@executable_path/Frameworks",
				);
				MARKETING_VERSION = 1.0;
				PRODUCT_BUNDLE_IDENTIFIER = com.nielio.Dialoque;
				PRODUCT_NAME = "$(TARGET_NAME)";
				SWIFT_EMIT_LOC_STRINGS = YES;
				SWIFT_VERSION = 5.0;
				TARGETED_DEVICE_FAMILY = "1,2";
			};
			name = Release;
		};
		7DAEBE8A2A837D56009379ED /* Debug */ = {
			isa = XCBuildConfiguration;
			buildSettings = {
				ASSETCATALOG_COMPILER_GLOBAL_ACCENT_COLOR_NAME = AccentColor;
				ASSETCATALOG_COMPILER_WIDGET_BACKGROUND_COLOR_NAME = WidgetBackground;
				CODE_SIGN_ENTITLEMENTS = "Dialoque WidgetExtension.entitlements";
				CODE_SIGN_STYLE = Automatic;
				CURRENT_PROJECT_VERSION = 1;
				DEVELOPMENT_TEAM = G6VH4SDWTF;
				GENERATE_INFOPLIST_FILE = YES;
				INFOPLIST_FILE = "Dialoque Widget/Info.plist";
				INFOPLIST_KEY_CFBundleDisplayName = "Dialoque Widget";
				INFOPLIST_KEY_NSHumanReadableCopyright = "";
				LD_RUNPATH_SEARCH_PATHS = (
					"$(inherited)",
					"@executable_path/Frameworks",
					"@executable_path/../../Frameworks",
				);
				MARKETING_VERSION = 1.0;
				PRODUCT_BUNDLE_IDENTIFIER = "com.nielio.Dialoque.Dialoque-Widget";
				PRODUCT_NAME = "$(TARGET_NAME)";
				SKIP_INSTALL = YES;
				SWIFT_EMIT_LOC_STRINGS = YES;
				SWIFT_VERSION = 5.0;
				TARGETED_DEVICE_FAMILY = "1,2";
			};
			name = Debug;
		};
		7DAEBE8B2A837D56009379ED /* Release */ = {
			isa = XCBuildConfiguration;
			buildSettings = {
				ASSETCATALOG_COMPILER_GLOBAL_ACCENT_COLOR_NAME = AccentColor;
				ASSETCATALOG_COMPILER_WIDGET_BACKGROUND_COLOR_NAME = WidgetBackground;
				CODE_SIGN_ENTITLEMENTS = "Dialoque WidgetExtension.entitlements";
				CODE_SIGN_STYLE = Automatic;
				CURRENT_PROJECT_VERSION = 1;
				DEVELOPMENT_TEAM = G6VH4SDWTF;
				GENERATE_INFOPLIST_FILE = YES;
				INFOPLIST_FILE = "Dialoque Widget/Info.plist";
				INFOPLIST_KEY_CFBundleDisplayName = "Dialoque Widget";
				INFOPLIST_KEY_NSHumanReadableCopyright = "";
				LD_RUNPATH_SEARCH_PATHS = (
					"$(inherited)",
					"@executable_path/Frameworks",
					"@executable_path/../../Frameworks",
				);
				MARKETING_VERSION = 1.0;
				PRODUCT_BUNDLE_IDENTIFIER = "com.nielio.Dialoque.Dialoque-Widget";
				PRODUCT_NAME = "$(TARGET_NAME)";
				SKIP_INSTALL = YES;
				SWIFT_EMIT_LOC_STRINGS = YES;
				SWIFT_VERSION = 5.0;
				TARGETED_DEVICE_FAMILY = "1,2";
			};
			name = Release;
		};
/* End XCBuildConfiguration section */

/* Begin XCConfigurationList section */
		0586729C2A7CE9AE00C5B61C /* Build configuration list for PBXNativeTarget "DialoqueWatch Watch App" */ = {
			isa = XCConfigurationList;
			buildConfigurations = (
				0586729D2A7CE9AE00C5B61C /* Debug */,
				0586729E2A7CE9AE00C5B61C /* Release */,
			);
			defaultConfigurationIsVisible = 0;
			defaultConfigurationName = Release;
		};
		05C18FB32A73AFA2002FF46C /* Build configuration list for PBXProject "Dialoque" */ = {
			isa = XCConfigurationList;
			buildConfigurations = (
				05C18FE02A73AFA3002FF46C /* Debug */,
				05C18FE12A73AFA3002FF46C /* Release */,
			);
			defaultConfigurationIsVisible = 0;
			defaultConfigurationName = Release;
		};
		05C18FE22A73AFA3002FF46C /* Build configuration list for PBXNativeTarget "Dialoque" */ = {
			isa = XCConfigurationList;
			buildConfigurations = (
				05C18FE32A73AFA3002FF46C /* Debug */,
				05C18FE42A73AFA3002FF46C /* Release */,
			);
			defaultConfigurationIsVisible = 0;
			defaultConfigurationName = Release;
		};
		7DAEBE892A837D56009379ED /* Build configuration list for PBXNativeTarget "Dialoque WidgetExtension" */ = {
			isa = XCConfigurationList;
			buildConfigurations = (
				7DAEBE8A2A837D56009379ED /* Debug */,
				7DAEBE8B2A837D56009379ED /* Release */,
			);
			defaultConfigurationIsVisible = 0;
			defaultConfigurationName = Release;
		};
/* End XCConfigurationList section */

/* Begin XCRemoteSwiftPackageReference section */
		7D0046D32A824FA5002B71F0 /* XCRemoteSwiftPackageReference "SwiftSpeech" */ = {
			isa = XCRemoteSwiftPackageReference;
			repositoryURL = "https://github.com/Cay-Zhang/SwiftSpeech";
			requirement = {
				branch = master;
				kind = branch;
			};
		};
/* End XCRemoteSwiftPackageReference section */

/* Begin XCSwiftPackageProductDependency section */
		7D0046D42A824FA5002B71F0 /* SwiftSpeech */ = {
			isa = XCSwiftPackageProductDependency;
			package = 7D0046D32A824FA5002B71F0 /* XCRemoteSwiftPackageReference "SwiftSpeech" */;
			productName = SwiftSpeech;
		};
/* End XCSwiftPackageProductDependency section */

/* Begin XCVersionGroup section */
		7D0046CB2A82360D002B71F0 /* Dialoque.xcdatamodeld */ = {
			isa = XCVersionGroup;
			children = (
				7D0046CC2A82360D002B71F0 /* Dialoque.xcdatamodel */,
			);
			currentVersion = 7D0046CC2A82360D002B71F0 /* Dialoque.xcdatamodel */;
			path = Dialoque.xcdatamodeld;
			sourceTree = "<group>";
			versionGroupType = wrapper.xcdatamodel;
		};
/* End XCVersionGroup section */
	};
	rootObject = 05C18FB02A73AFA2002FF46C /* Project object */;
}
