// !$*UTF8*$!
{
	archiveVersion = 1;
	classes = {
	};
	objectVersion = 56;
	objects = {

/* Begin PBXBuildFile section */
		05BA050F2A7A3EB7007DA27D /* GameKitController.swift in Sources */ = {isa = PBXBuildFile; fileRef = 05BA050E2A7A3EB7007DA27D /* GameKitController.swift */; };
		05BA05122A7A3F04007DA27D /* PlayerModel.swift in Sources */ = {isa = PBXBuildFile; fileRef = 05BA05112A7A3F04007DA27D /* PlayerModel.swift */; };
		05BA05142A7A4002007DA27D /* StatModel.swift in Sources */ = {isa = PBXBuildFile; fileRef = 05BA05132A7A4002007DA27D /* StatModel.swift */; };
		05BA05192A7A4306007DA27D /* GameCenterView.swift in Sources */ = {isa = PBXBuildFile; fileRef = 05BA05182A7A4306007DA27D /* GameCenterView.swift */; };
		05BA051B2A7A490F007DA27D /* StatController.swift in Sources */ = {isa = PBXBuildFile; fileRef = 05BA051A2A7A490F007DA27D /* StatController.swift */; };
		05C18FBC2A73AFA2002FF46C /* DialoqueApp.swift in Sources */ = {isa = PBXBuildFile; fileRef = 05C18FBB2A73AFA2002FF46C /* DialoqueApp.swift */; };
		05C18FBE2A73AFA2002FF46C /* ContentView.swift in Sources */ = {isa = PBXBuildFile; fileRef = 05C18FBD2A73AFA2002FF46C /* ContentView.swift */; };
		05C18FC02A73AFA3002FF46C /* Assets.xcassets in Resources */ = {isa = PBXBuildFile; fileRef = 05C18FBF2A73AFA3002FF46C /* Assets.xcassets */; };
		05C18FC32A73AFA3002FF46C /* Preview Assets.xcassets in Resources */ = {isa = PBXBuildFile; fileRef = 05C18FC22A73AFA3002FF46C /* Preview Assets.xcassets */; };
		05C18FC52A73AFA3002FF46C /* Persistence.swift in Sources */ = {isa = PBXBuildFile; fileRef = 05C18FC42A73AFA3002FF46C /* Persistence.swift */; };
		05C18FC82A73AFA3002FF46C /* Dialoque.xcdatamodeld in Sources */ = {isa = PBXBuildFile; fileRef = 05C18FC62A73AFA3002FF46C /* Dialoque.xcdatamodeld */; };
		05C18FD32A73AFA3002FF46C /* DialoqueTests.swift in Sources */ = {isa = PBXBuildFile; fileRef = 05C18FD22A73AFA3002FF46C /* DialoqueTests.swift */; };
		05C18FDD2A73AFA3002FF46C /* DialoqueUITests.swift in Sources */ = {isa = PBXBuildFile; fileRef = 05C18FDC2A73AFA3002FF46C /* DialoqueUITests.swift */; };
		05C18FDF2A73AFA3002FF46C /* DialoqueUITestsLaunchTests.swift in Sources */ = {isa = PBXBuildFile; fileRef = 05C18FDE2A73AFA3002FF46C /* DialoqueUITestsLaunchTests.swift */; };
/* End PBXBuildFile section */

/* Begin PBXContainerItemProxy section */
		05C18FCF2A73AFA3002FF46C /* PBXContainerItemProxy */ = {
			isa = PBXContainerItemProxy;
			containerPortal = 05C18FB02A73AFA2002FF46C /* Project object */;
			proxyType = 1;
			remoteGlobalIDString = 05C18FB72A73AFA2002FF46C;
			remoteInfo = Dialoque;
		};
		05C18FD92A73AFA3002FF46C /* PBXContainerItemProxy */ = {
			isa = PBXContainerItemProxy;
			containerPortal = 05C18FB02A73AFA2002FF46C /* Project object */;
			proxyType = 1;
			remoteGlobalIDString = 05C18FB72A73AFA2002FF46C;
			remoteInfo = Dialoque;
		};
/* End PBXContainerItemProxy section */

/* Begin PBXFileReference section */
		05BA050E2A7A3EB7007DA27D /* GameKitController.swift */ = {isa = PBXFileReference; lastKnownFileType = sourcecode.swift; path = GameKitController.swift; sourceTree = "<group>"; };
		05BA05112A7A3F04007DA27D /* PlayerModel.swift */ = {isa = PBXFileReference; lastKnownFileType = sourcecode.swift; path = PlayerModel.swift; sourceTree = "<group>"; };
		05BA05132A7A4002007DA27D /* StatModel.swift */ = {isa = PBXFileReference; lastKnownFileType = sourcecode.swift; path = StatModel.swift; sourceTree = "<group>"; };
		05BA05182A7A4306007DA27D /* GameCenterView.swift */ = {isa = PBXFileReference; lastKnownFileType = sourcecode.swift; path = GameCenterView.swift; sourceTree = "<group>"; };
		05BA051A2A7A490F007DA27D /* StatController.swift */ = {isa = PBXFileReference; lastKnownFileType = sourcecode.swift; path = StatController.swift; sourceTree = "<group>"; };
		05C18FB82A73AFA2002FF46C /* Dialoque.app */ = {isa = PBXFileReference; explicitFileType = wrapper.application; includeInIndex = 0; path = Dialoque.app; sourceTree = BUILT_PRODUCTS_DIR; };
		05C18FBB2A73AFA2002FF46C /* DialoqueApp.swift */ = {isa = PBXFileReference; lastKnownFileType = sourcecode.swift; path = DialoqueApp.swift; sourceTree = "<group>"; };
		05C18FBD2A73AFA2002FF46C /* ContentView.swift */ = {isa = PBXFileReference; lastKnownFileType = sourcecode.swift; path = ContentView.swift; sourceTree = "<group>"; };
		05C18FBF2A73AFA3002FF46C /* Assets.xcassets */ = {isa = PBXFileReference; lastKnownFileType = folder.assetcatalog; path = Assets.xcassets; sourceTree = "<group>"; };
		05C18FC22A73AFA3002FF46C /* Preview Assets.xcassets */ = {isa = PBXFileReference; lastKnownFileType = folder.assetcatalog; path = "Preview Assets.xcassets"; sourceTree = "<group>"; };
		05C18FC42A73AFA3002FF46C /* Persistence.swift */ = {isa = PBXFileReference; lastKnownFileType = sourcecode.swift; path = Persistence.swift; sourceTree = "<group>"; };
		05C18FC72A73AFA3002FF46C /* Dialoque.xcdatamodel */ = {isa = PBXFileReference; lastKnownFileType = wrapper.xcdatamodel; path = Dialoque.xcdatamodel; sourceTree = "<group>"; };
		05C18FC92A73AFA3002FF46C /* Info.plist */ = {isa = PBXFileReference; lastKnownFileType = text.plist.xml; path = Info.plist; sourceTree = "<group>"; };
		05C18FCE2A73AFA3002FF46C /* DialoqueTests.xctest */ = {isa = PBXFileReference; explicitFileType = wrapper.cfbundle; includeInIndex = 0; path = DialoqueTests.xctest; sourceTree = BUILT_PRODUCTS_DIR; };
		05C18FD22A73AFA3002FF46C /* DialoqueTests.swift */ = {isa = PBXFileReference; lastKnownFileType = sourcecode.swift; path = DialoqueTests.swift; sourceTree = "<group>"; };
		05C18FD82A73AFA3002FF46C /* DialoqueUITests.xctest */ = {isa = PBXFileReference; explicitFileType = wrapper.cfbundle; includeInIndex = 0; path = DialoqueUITests.xctest; sourceTree = BUILT_PRODUCTS_DIR; };
		05C18FDC2A73AFA3002FF46C /* DialoqueUITests.swift */ = {isa = PBXFileReference; lastKnownFileType = sourcecode.swift; path = DialoqueUITests.swift; sourceTree = "<group>"; };
		05C18FDE2A73AFA3002FF46C /* DialoqueUITestsLaunchTests.swift */ = {isa = PBXFileReference; lastKnownFileType = sourcecode.swift; path = DialoqueUITestsLaunchTests.swift; sourceTree = "<group>"; };
/* End PBXFileReference section */

/* Begin PBXFrameworksBuildPhase section */
		05C18FB52A73AFA2002FF46C /* Frameworks */ = {
			isa = PBXFrameworksBuildPhase;
			buildActionMask = 2147483647;
			files = (
			);
			runOnlyForDeploymentPostprocessing = 0;
		};
		05C18FCB2A73AFA3002FF46C /* Frameworks */ = {
			isa = PBXFrameworksBuildPhase;
			buildActionMask = 2147483647;
			files = (
			);
			runOnlyForDeploymentPostprocessing = 0;
		};
		05C18FD52A73AFA3002FF46C /* Frameworks */ = {
			isa = PBXFrameworksBuildPhase;
			buildActionMask = 2147483647;
			files = (
			);
			runOnlyForDeploymentPostprocessing = 0;
		};
/* End PBXFrameworksBuildPhase section */

/* Begin PBXGroup section */
		05BA050D2A7A3CCB007DA27D /* Controller */ = {
			isa = PBXGroup;
			children = (
				05BA050E2A7A3EB7007DA27D /* GameKitController.swift */,
				05BA051A2A7A490F007DA27D /* StatController.swift */,
			);
			path = Controller;
			sourceTree = "<group>";
		};
		05BA05102A7A3EF6007DA27D /* Model */ = {
			isa = PBXGroup;
			children = (
				05BA05112A7A3F04007DA27D /* PlayerModel.swift */,
				05BA05132A7A4002007DA27D /* StatModel.swift */,
			);
			path = Model;
			sourceTree = "<group>";
		};
		05BA05172A7A42F0007DA27D /* View */ = {
			isa = PBXGroup;
			children = (
				05BA05182A7A4306007DA27D /* GameCenterView.swift */,
			);
			name = View;
			path = Controller/View;
			sourceTree = "<group>";
		};
		05C18FAF2A73AFA2002FF46C = {
			isa = PBXGroup;
			children = (
				05C18FBA2A73AFA2002FF46C /* Dialoque */,
				05C18FD12A73AFA3002FF46C /* DialoqueTests */,
				05C18FDB2A73AFA3002FF46C /* DialoqueUITests */,
				05C18FB92A73AFA2002FF46C /* Products */,
			);
			sourceTree = "<group>";
		};
		05C18FB92A73AFA2002FF46C /* Products */ = {
			isa = PBXGroup;
			children = (
				05C18FB82A73AFA2002FF46C /* Dialoque.app */,
				05C18FCE2A73AFA3002FF46C /* DialoqueTests.xctest */,
				05C18FD82A73AFA3002FF46C /* DialoqueUITests.xctest */,
			);
			name = Products;
			sourceTree = "<group>";
		};
		05C18FBA2A73AFA2002FF46C /* Dialoque */ = {
			isa = PBXGroup;
			children = (
				05BA05172A7A42F0007DA27D /* View */,
				05BA05102A7A3EF6007DA27D /* Model */,
				05BA050D2A7A3CCB007DA27D /* Controller */,
				05C18FBB2A73AFA2002FF46C /* DialoqueApp.swift */,
				05C18FBD2A73AFA2002FF46C /* ContentView.swift */,
				05C18FC42A73AFA3002FF46C /* Persistence.swift */,
				05C18FBF2A73AFA3002FF46C /* Assets.xcassets */,
				05C18FC92A73AFA3002FF46C /* Info.plist */,
				05C18FC62A73AFA3002FF46C /* Dialoque.xcdatamodeld */,
				05C18FC12A73AFA3002FF46C /* Preview Content */,
			);
			path = Dialoque;
			sourceTree = "<group>";
		};
		05C18FC12A73AFA3002FF46C /* Preview Content */ = {
			isa = PBXGroup;
			children = (
				05C18FC22A73AFA3002FF46C /* Preview Assets.xcassets */,
			);
			path = "Preview Content";
			sourceTree = "<group>";
		};
		05C18FD12A73AFA3002FF46C /* DialoqueTests */ = {
			isa = PBXGroup;
			children = (
				05C18FD22A73AFA3002FF46C /* DialoqueTests.swift */,
			);
			path = DialoqueTests;
			sourceTree = "<group>";
		};
		05C18FDB2A73AFA3002FF46C /* DialoqueUITests */ = {
			isa = PBXGroup;
			children = (
				05C18FDC2A73AFA3002FF46C /* DialoqueUITests.swift */,
				05C18FDE2A73AFA3002FF46C /* DialoqueUITestsLaunchTests.swift */,
			);
			path = DialoqueUITests;
			sourceTree = "<group>";
		};
/* End PBXGroup section */

/* Begin PBXNativeTarget section */
		05C18FB72A73AFA2002FF46C /* Dialoque */ = {
			isa = PBXNativeTarget;
			buildConfigurationList = 05C18FE22A73AFA3002FF46C /* Build configuration list for PBXNativeTarget "Dialoque" */;
			buildPhases = (
				05C18FB42A73AFA2002FF46C /* Sources */,
				05C18FB52A73AFA2002FF46C /* Frameworks */,
				05C18FB62A73AFA2002FF46C /* Resources */,
			);
			buildRules = (
			);
			dependencies = (
			);
			name = Dialoque;
			productName = Dialoque;
			productReference = 05C18FB82A73AFA2002FF46C /* Dialoque.app */;
			productType = "com.apple.product-type.application";
		};
		05C18FCD2A73AFA3002FF46C /* DialoqueTests */ = {
			isa = PBXNativeTarget;
			buildConfigurationList = 05C18FE52A73AFA3002FF46C /* Build configuration list for PBXNativeTarget "DialoqueTests" */;
			buildPhases = (
				05C18FCA2A73AFA3002FF46C /* Sources */,
				05C18FCB2A73AFA3002FF46C /* Frameworks */,
				05C18FCC2A73AFA3002FF46C /* Resources */,
			);
			buildRules = (
			);
			dependencies = (
				05C18FD02A73AFA3002FF46C /* PBXTargetDependency */,
			);
			name = DialoqueTests;
			productName = DialoqueTests;
			productReference = 05C18FCE2A73AFA3002FF46C /* DialoqueTests.xctest */;
			productType = "com.apple.product-type.bundle.unit-test";
		};
		05C18FD72A73AFA3002FF46C /* DialoqueUITests */ = {
			isa = PBXNativeTarget;
			buildConfigurationList = 05C18FE82A73AFA3002FF46C /* Build configuration list for PBXNativeTarget "DialoqueUITests" */;
			buildPhases = (
				05C18FD42A73AFA3002FF46C /* Sources */,
				05C18FD52A73AFA3002FF46C /* Frameworks */,
				05C18FD62A73AFA3002FF46C /* Resources */,
			);
			buildRules = (
			);
			dependencies = (
				05C18FDA2A73AFA3002FF46C /* PBXTargetDependency */,
			);
			name = DialoqueUITests;
			productName = DialoqueUITests;
			productReference = 05C18FD82A73AFA3002FF46C /* DialoqueUITests.xctest */;
			productType = "com.apple.product-type.bundle.ui-testing";
		};
/* End PBXNativeTarget section */

/* Begin PBXProject section */
		05C18FB02A73AFA2002FF46C /* Project object */ = {
			isa = PBXProject;
			attributes = {
				BuildIndependentTargetsInParallel = 1;
				LastSwiftUpdateCheck = 1430;
				LastUpgradeCheck = 1430;
				TargetAttributes = {
					05C18FB72A73AFA2002FF46C = {
						CreatedOnToolsVersion = 14.3.1;
					};
					05C18FCD2A73AFA3002FF46C = {
						CreatedOnToolsVersion = 14.3.1;
						TestTargetID = 05C18FB72A73AFA2002FF46C;
					};
					05C18FD72A73AFA3002FF46C = {
						CreatedOnToolsVersion = 14.3.1;
						TestTargetID = 05C18FB72A73AFA2002FF46C;
					};
				};
			};
			buildConfigurationList = 05C18FB32A73AFA2002FF46C /* Build configuration list for PBXProject "Dialoque" */;
			compatibilityVersion = "Xcode 14.0";
			developmentRegion = en;
			hasScannedForEncodings = 0;
			knownRegions = (
				en,
				Base,
			);
			mainGroup = 05C18FAF2A73AFA2002FF46C;
			productRefGroup = 05C18FB92A73AFA2002FF46C /* Products */;
			projectDirPath = "";
			projectRoot = "";
			targets = (
				05C18FB72A73AFA2002FF46C /* Dialoque */,
				05C18FCD2A73AFA3002FF46C /* DialoqueTests */,
				05C18FD72A73AFA3002FF46C /* DialoqueUITests */,
			);
		};
/* End PBXProject section */

/* Begin PBXResourcesBuildPhase section */
		05C18FB62A73AFA2002FF46C /* Resources */ = {
			isa = PBXResourcesBuildPhase;
			buildActionMask = 2147483647;
			files = (
				05C18FC32A73AFA3002FF46C /* Preview Assets.xcassets in Resources */,
				05C18FC02A73AFA3002FF46C /* Assets.xcassets in Resources */,
			);
			runOnlyForDeploymentPostprocessing = 0;
		};
		05C18FCC2A73AFA3002FF46C /* Resources */ = {
			isa = PBXResourcesBuildPhase;
			buildActionMask = 2147483647;
			files = (
			);
			runOnlyForDeploymentPostprocessing = 0;
		};
		05C18FD62A73AFA3002FF46C /* Resources */ = {
			isa = PBXResourcesBuildPhase;
			buildActionMask = 2147483647;
			files = (
			);
			runOnlyForDeploymentPostprocessing = 0;
		};
/* End PBXResourcesBuildPhase section */

/* Begin PBXSourcesBuildPhase section */
		05C18FB42A73AFA2002FF46C /* Sources */ = {
			isa = PBXSourcesBuildPhase;
			buildActionMask = 2147483647;
			files = (
				05BA05122A7A3F04007DA27D /* PlayerModel.swift in Sources */,
				05BA05142A7A4002007DA27D /* StatModel.swift in Sources */,
				05C18FC52A73AFA3002FF46C /* Persistence.swift in Sources */,
				05C18FC82A73AFA3002FF46C /* Dialoque.xcdatamodeld in Sources */,
				05C18FBE2A73AFA2002FF46C /* ContentView.swift in Sources */,
				05BA05192A7A4306007DA27D /* GameCenterView.swift in Sources */,
				05BA051B2A7A490F007DA27D /* StatController.swift in Sources */,
				05C18FBC2A73AFA2002FF46C /* DialoqueApp.swift in Sources */,
				05BA050F2A7A3EB7007DA27D /* GameKitController.swift in Sources */,
			);
			runOnlyForDeploymentPostprocessing = 0;
		};
		05C18FCA2A73AFA3002FF46C /* Sources */ = {
			isa = PBXSourcesBuildPhase;
			buildActionMask = 2147483647;
			files = (
				05C18FD32A73AFA3002FF46C /* DialoqueTests.swift in Sources */,
			);
			runOnlyForDeploymentPostprocessing = 0;
		};
		05C18FD42A73AFA3002FF46C /* Sources */ = {
			isa = PBXSourcesBuildPhase;
			buildActionMask = 2147483647;
			files = (
				05C18FDF2A73AFA3002FF46C /* DialoqueUITestsLaunchTests.swift in Sources */,
				05C18FDD2A73AFA3002FF46C /* DialoqueUITests.swift in Sources */,
			);
			runOnlyForDeploymentPostprocessing = 0;
		};
/* End PBXSourcesBuildPhase section */

/* Begin PBXTargetDependency section */
		05C18FD02A73AFA3002FF46C /* PBXTargetDependency */ = {
			isa = PBXTargetDependency;
			target = 05C18FB72A73AFA2002FF46C /* Dialoque */;
			targetProxy = 05C18FCF2A73AFA3002FF46C /* PBXContainerItemProxy */;
		};
		05C18FDA2A73AFA3002FF46C /* PBXTargetDependency */ = {
			isa = PBXTargetDependency;
			target = 05C18FB72A73AFA2002FF46C /* Dialoque */;
			targetProxy = 05C18FD92A73AFA3002FF46C /* PBXContainerItemProxy */;
		};
/* End PBXTargetDependency section */

/* Begin XCBuildConfiguration section */
		05C18FE02A73AFA3002FF46C /* Debug */ = {
			isa = XCBuildConfiguration;
			buildSettings = {
				ALWAYS_SEARCH_USER_PATHS = NO;
				CLANG_ANALYZER_NONNULL = YES;
				CLANG_ANALYZER_NUMBER_OBJECT_CONVERSION = YES_AGGRESSIVE;
				CLANG_CXX_LANGUAGE_STANDARD = "gnu++20";
				CLANG_ENABLE_MODULES = YES;
				CLANG_ENABLE_OBJC_ARC = YES;
				CLANG_ENABLE_OBJC_WEAK = YES;
				CLANG_WARN_BLOCK_CAPTURE_AUTORELEASING = YES;
				CLANG_WARN_BOOL_CONVERSION = YES;
				CLANG_WARN_COMMA = YES;
				CLANG_WARN_CONSTANT_CONVERSION = YES;
				CLANG_WARN_DEPRECATED_OBJC_IMPLEMENTATIONS = YES;
				CLANG_WARN_DIRECT_OBJC_ISA_USAGE = YES_ERROR;
				CLANG_WARN_DOCUMENTATION_COMMENTS = YES;
				CLANG_WARN_EMPTY_BODY = YES;
				CLANG_WARN_ENUM_CONVERSION = YES;
				CLANG_WARN_INFINITE_RECURSION = YES;
				CLANG_WARN_INT_CONVERSION = YES;
				CLANG_WARN_NON_LITERAL_NULL_CONVERSION = YES;
				CLANG_WARN_OBJC_IMPLICIT_RETAIN_SELF = YES;
				CLANG_WARN_OBJC_LITERAL_CONVERSION = YES;
				CLANG_WARN_OBJC_ROOT_CLASS = YES_ERROR;
				CLANG_WARN_QUOTED_INCLUDE_IN_FRAMEWORK_HEADER = YES;
				CLANG_WARN_RANGE_LOOP_ANALYSIS = YES;
				CLANG_WARN_STRICT_PROTOTYPES = YES;
				CLANG_WARN_SUSPICIOUS_MOVE = YES;
				CLANG_WARN_UNGUARDED_AVAILABILITY = YES_AGGRESSIVE;
				CLANG_WARN_UNREACHABLE_CODE = YES;
				CLANG_WARN__DUPLICATE_METHOD_MATCH = YES;
				COPY_PHASE_STRIP = NO;
				DEBUG_INFORMATION_FORMAT = dwarf;
				ENABLE_STRICT_OBJC_MSGSEND = YES;
				ENABLE_TESTABILITY = YES;
				GCC_C_LANGUAGE_STANDARD = gnu11;
				GCC_DYNAMIC_NO_PIC = NO;
				GCC_NO_COMMON_BLOCKS = YES;
				GCC_OPTIMIZATION_LEVEL = 0;
				GCC_PREPROCESSOR_DEFINITIONS = (
					"DEBUG=1",
					"$(inherited)",
				);
				GCC_WARN_64_TO_32_BIT_CONVERSION = YES;
				GCC_WARN_ABOUT_RETURN_TYPE = YES_ERROR;
				GCC_WARN_UNDECLARED_SELECTOR = YES;
				GCC_WARN_UNINITIALIZED_AUTOS = YES_AGGRESSIVE;
				GCC_WARN_UNUSED_FUNCTION = YES;
				GCC_WARN_UNUSED_VARIABLE = YES;
				IPHONEOS_DEPLOYMENT_TARGET = 16.4;
				MTL_ENABLE_DEBUG_INFO = INCLUDE_SOURCE;
				MTL_FAST_MATH = YES;
				ONLY_ACTIVE_ARCH = YES;
				SDKROOT = iphoneos;
				SWIFT_ACTIVE_COMPILATION_CONDITIONS = DEBUG;
				SWIFT_OPTIMIZATION_LEVEL = "-Onone";
			};
			name = Debug;
		};
		05C18FE12A73AFA3002FF46C /* Release */ = {
			isa = XCBuildConfiguration;
			buildSettings = {
				ALWAYS_SEARCH_USER_PATHS = NO;
				CLANG_ANALYZER_NONNULL = YES;
				CLANG_ANALYZER_NUMBER_OBJECT_CONVERSION = YES_AGGRESSIVE;
				CLANG_CXX_LANGUAGE_STANDARD = "gnu++20";
				CLANG_ENABLE_MODULES = YES;
				CLANG_ENABLE_OBJC_ARC = YES;
				CLANG_ENABLE_OBJC_WEAK = YES;
				CLANG_WARN_BLOCK_CAPTURE_AUTORELEASING = YES;
				CLANG_WARN_BOOL_CONVERSION = YES;
				CLANG_WARN_COMMA = YES;
				CLANG_WARN_CONSTANT_CONVERSION = YES;
				CLANG_WARN_DEPRECATED_OBJC_IMPLEMENTATIONS = YES;
				CLANG_WARN_DIRECT_OBJC_ISA_USAGE = YES_ERROR;
				CLANG_WARN_DOCUMENTATION_COMMENTS = YES;
				CLANG_WARN_EMPTY_BODY = YES;
				CLANG_WARN_ENUM_CONVERSION = YES;
				CLANG_WARN_INFINITE_RECURSION = YES;
				CLANG_WARN_INT_CONVERSION = YES;
				CLANG_WARN_NON_LITERAL_NULL_CONVERSION = YES;
				CLANG_WARN_OBJC_IMPLICIT_RETAIN_SELF = YES;
				CLANG_WARN_OBJC_LITERAL_CONVERSION = YES;
				CLANG_WARN_OBJC_ROOT_CLASS = YES_ERROR;
				CLANG_WARN_QUOTED_INCLUDE_IN_FRAMEWORK_HEADER = YES;
				CLANG_WARN_RANGE_LOOP_ANALYSIS = YES;
				CLANG_WARN_STRICT_PROTOTYPES = YES;
				CLANG_WARN_SUSPICIOUS_MOVE = YES;
				CLANG_WARN_UNGUARDED_AVAILABILITY = YES_AGGRESSIVE;
				CLANG_WARN_UNREACHABLE_CODE = YES;
				CLANG_WARN__DUPLICATE_METHOD_MATCH = YES;
				COPY_PHASE_STRIP = NO;
				DEBUG_INFORMATION_FORMAT = "dwarf-with-dsym";
				ENABLE_NS_ASSERTIONS = NO;
				ENABLE_STRICT_OBJC_MSGSEND = YES;
				GCC_C_LANGUAGE_STANDARD = gnu11;
				GCC_NO_COMMON_BLOCKS = YES;
				GCC_WARN_64_TO_32_BIT_CONVERSION = YES;
				GCC_WARN_ABOUT_RETURN_TYPE = YES_ERROR;
				GCC_WARN_UNDECLARED_SELECTOR = YES;
				GCC_WARN_UNINITIALIZED_AUTOS = YES_AGGRESSIVE;
				GCC_WARN_UNUSED_FUNCTION = YES;
				GCC_WARN_UNUSED_VARIABLE = YES;
				IPHONEOS_DEPLOYMENT_TARGET = 16.4;
				MTL_ENABLE_DEBUG_INFO = NO;
				MTL_FAST_MATH = YES;
				SDKROOT = iphoneos;
				SWIFT_COMPILATION_MODE = wholemodule;
				SWIFT_OPTIMIZATION_LEVEL = "-O";
				VALIDATE_PRODUCT = YES;
			};
			name = Release;
		};
		05C18FE32A73AFA3002FF46C /* Debug */ = {
			isa = XCBuildConfiguration;
			buildSettings = {
				ASSETCATALOG_COMPILER_APPICON_NAME = AppIcon;
				ASSETCATALOG_COMPILER_GLOBAL_ACCENT_COLOR_NAME = AccentColor;
				CODE_SIGN_STYLE = Automatic;
				CURRENT_PROJECT_VERSION = 1;
				DEVELOPMENT_ASSET_PATHS = "\"Dialoque/Preview Content\"";
				DEVELOPMENT_TEAM = G6VH4SDWTF;
				ENABLE_PREVIEWS = YES;
				GENERATE_INFOPLIST_FILE = YES;
				INFOPLIST_KEY_UIApplicationSceneManifest_Generation = YES;
				INFOPLIST_KEY_UIApplicationSupportsIndirectInputEvents = YES;
				INFOPLIST_KEY_UILaunchScreen_Generation = YES;
				INFOPLIST_KEY_UISupportedInterfaceOrientations_iPad = "UIInterfaceOrientationPortrait UIInterfaceOrientationPortraitUpsideDown UIInterfaceOrientationLandscapeLeft UIInterfaceOrientationLandscapeRight";
				INFOPLIST_KEY_UISupportedInterfaceOrientations_iPhone = "UIInterfaceOrientationPortrait UIInterfaceOrientationLandscapeLeft UIInterfaceOrientationLandscapeRight";
				LD_RUNPATH_SEARCH_PATHS = (
					"$(inherited)",
					"@executable_path/Frameworks",
				);
				MARKETING_VERSION = 1.0.0;
				PRODUCT_BUNDLE_IDENTIFIER = com.nielio.Dialoque;
				PRODUCT_NAME = "$(TARGET_NAME)";
				SWIFT_EMIT_LOC_STRINGS = YES;
				SWIFT_VERSION = 5.0;
				TARGETED_DEVICE_FAMILY = "1,2";
			};
			name = Debug;
		};
		05C18FE42A73AFA3002FF46C /* Release */ = {
			isa = XCBuildConfiguration;
			buildSettings = {
				ASSETCATALOG_COMPILER_APPICON_NAME = AppIcon;
				ASSETCATALOG_COMPILER_GLOBAL_ACCENT_COLOR_NAME = AccentColor;
				CODE_SIGN_STYLE = Automatic;
				CURRENT_PROJECT_VERSION = 1;
				DEVELOPMENT_ASSET_PATHS = "\"Dialoque/Preview Content\"";
				DEVELOPMENT_TEAM = G6VH4SDWTF;
				ENABLE_PREVIEWS = YES;
				GENERATE_INFOPLIST_FILE = YES;
				INFOPLIST_KEY_UIApplicationSceneManifest_Generation = YES;
				INFOPLIST_KEY_UIApplicationSupportsIndirectInputEvents = YES;
				INFOPLIST_KEY_UILaunchScreen_Generation = YES;
				INFOPLIST_KEY_UISupportedInterfaceOrientations_iPad = "UIInterfaceOrientationPortrait UIInterfaceOrientationPortraitUpsideDown UIInterfaceOrientationLandscapeLeft UIInterfaceOrientationLandscapeRight";
				INFOPLIST_KEY_UISupportedInterfaceOrientations_iPhone = "UIInterfaceOrientationPortrait UIInterfaceOrientationLandscapeLeft UIInterfaceOrientationLandscapeRight";
				LD_RUNPATH_SEARCH_PATHS = (
					"$(inherited)",
					"@executable_path/Frameworks",
				);
				MARKETING_VERSION = 1.0.0;
				PRODUCT_BUNDLE_IDENTIFIER = com.nielio.Dialoque;
				PRODUCT_NAME = "$(TARGET_NAME)";
				SWIFT_EMIT_LOC_STRINGS = YES;
				SWIFT_VERSION = 5.0;
				TARGETED_DEVICE_FAMILY = "1,2";
			};
			name = Release;
		};
		05C18FE62A73AFA3002FF46C /* Debug */ = {
			isa = XCBuildConfiguration;
			buildSettings = {
				ALWAYS_EMBED_SWIFT_STANDARD_LIBRARIES = YES;
				BUNDLE_LOADER = "$(TEST_HOST)";
				CODE_SIGN_STYLE = Automatic;
				CURRENT_PROJECT_VERSION = 1;
				DEVELOPMENT_TEAM = G6VH4SDWTF;
				GENERATE_INFOPLIST_FILE = YES;
				IPHONEOS_DEPLOYMENT_TARGET = 16.4;
				MARKETING_VERSION = 1.0;
				PRODUCT_BUNDLE_IDENTIFIER = com.nielio.DialoqueTests;
				PRODUCT_NAME = "$(TARGET_NAME)";
				SWIFT_EMIT_LOC_STRINGS = NO;
				SWIFT_VERSION = 5.0;
				TARGETED_DEVICE_FAMILY = "1,2";
				TEST_HOST = "$(BUILT_PRODUCTS_DIR)/Dialoque.app/$(BUNDLE_EXECUTABLE_FOLDER_PATH)/Dialoque";
			};
			name = Debug;
		};
		05C18FE72A73AFA3002FF46C /* Release */ = {
			isa = XCBuildConfiguration;
			buildSettings = {
				ALWAYS_EMBED_SWIFT_STANDARD_LIBRARIES = YES;
				BUNDLE_LOADER = "$(TEST_HOST)";
				CODE_SIGN_STYLE = Automatic;
				CURRENT_PROJECT_VERSION = 1;
				DEVELOPMENT_TEAM = G6VH4SDWTF;
				GENERATE_INFOPLIST_FILE = YES;
				IPHONEOS_DEPLOYMENT_TARGET = 16.4;
				MARKETING_VERSION = 1.0;
				PRODUCT_BUNDLE_IDENTIFIER = com.nielio.DialoqueTests;
				PRODUCT_NAME = "$(TARGET_NAME)";
				SWIFT_EMIT_LOC_STRINGS = NO;
				SWIFT_VERSION = 5.0;
				TARGETED_DEVICE_FAMILY = "1,2";
				TEST_HOST = "$(BUILT_PRODUCTS_DIR)/Dialoque.app/$(BUNDLE_EXECUTABLE_FOLDER_PATH)/Dialoque";
			};
			name = Release;
		};
		05C18FE92A73AFA3002FF46C /* Debug */ = {
			isa = XCBuildConfiguration;
			buildSettings = {
				ALWAYS_EMBED_SWIFT_STANDARD_LIBRARIES = YES;
				CODE_SIGN_STYLE = Automatic;
				CURRENT_PROJECT_VERSION = 1;
				DEVELOPMENT_TEAM = G6VH4SDWTF;
				GENERATE_INFOPLIST_FILE = YES;
				MARKETING_VERSION = 1.0;
				PRODUCT_BUNDLE_IDENTIFIER = com.nielio.DialoqueUITests;
				PRODUCT_NAME = "$(TARGET_NAME)";
				SWIFT_EMIT_LOC_STRINGS = NO;
				SWIFT_VERSION = 5.0;
				TARGETED_DEVICE_FAMILY = "1,2";
				TEST_TARGET_NAME = Dialoque;
			};
			name = Debug;
		};
		05C18FEA2A73AFA3002FF46C /* Release */ = {
			isa = XCBuildConfiguration;
			buildSettings = {
				ALWAYS_EMBED_SWIFT_STANDARD_LIBRARIES = YES;
				CODE_SIGN_STYLE = Automatic;
				CURRENT_PROJECT_VERSION = 1;
				DEVELOPMENT_TEAM = G6VH4SDWTF;
				GENERATE_INFOPLIST_FILE = YES;
				MARKETING_VERSION = 1.0;
				PRODUCT_BUNDLE_IDENTIFIER = com.nielio.DialoqueUITests;
				PRODUCT_NAME = "$(TARGET_NAME)";
				SWIFT_EMIT_LOC_STRINGS = NO;
				SWIFT_VERSION = 5.0;
				TARGETED_DEVICE_FAMILY = "1,2";
				TEST_TARGET_NAME = Dialoque;
			};
			name = Release;
		};
/* End XCBuildConfiguration section */

/* Begin XCConfigurationList section */
		05C18FB32A73AFA2002FF46C /* Build configuration list for PBXProject "Dialoque" */ = {
			isa = XCConfigurationList;
			buildConfigurations = (
				05C18FE02A73AFA3002FF46C /* Debug */,
				05C18FE12A73AFA3002FF46C /* Release */,
			);
			defaultConfigurationIsVisible = 0;
			defaultConfigurationName = Release;
		};
		05C18FE22A73AFA3002FF46C /* Build configuration list for PBXNativeTarget "Dialoque" */ = {
			isa = XCConfigurationList;
			buildConfigurations = (
				05C18FE32A73AFA3002FF46C /* Debug */,
				05C18FE42A73AFA3002FF46C /* Release */,
			);
			defaultConfigurationIsVisible = 0;
			defaultConfigurationName = Release;
		};
		05C18FE52A73AFA3002FF46C /* Build configuration list for PBXNativeTarget "DialoqueTests" */ = {
			isa = XCConfigurationList;
			buildConfigurations = (
				05C18FE62A73AFA3002FF46C /* Debug */,
				05C18FE72A73AFA3002FF46C /* Release */,
			);
			defaultConfigurationIsVisible = 0;
			defaultConfigurationName = Release;
		};
		05C18FE82A73AFA3002FF46C /* Build configuration list for PBXNativeTarget "DialoqueUITests" */ = {
			isa = XCConfigurationList;
			buildConfigurations = (
				05C18FE92A73AFA3002FF46C /* Debug */,
				05C18FEA2A73AFA3002FF46C /* Release */,
			);
			defaultConfigurationIsVisible = 0;
			defaultConfigurationName = Release;
		};
/* End XCConfigurationList section */

/* Begin XCVersionGroup section */
		05C18FC62A73AFA3002FF46C /* Dialoque.xcdatamodeld */ = {
			isa = XCVersionGroup;
			children = (
				05C18FC72A73AFA3002FF46C /* Dialoque.xcdatamodel */,
			);
			currentVersion = 05C18FC72A73AFA3002FF46C /* Dialoque.xcdatamodel */;
			path = Dialoque.xcdatamodeld;
			sourceTree = "<group>";
			versionGroupType = wrapper.xcdatamodel;
		};
/* End XCVersionGroup section */
	};
	rootObject = 05C18FB02A73AFA2002FF46C /* Project object */;
}
